// !$*UTF8*$!
{
	archiveVersion = 1;
	classes = {
	};
	objectVersion = 55;
	objects = {

/* Begin PBXBuildFile section */
		EDAF409B2886F059003032BF /* AppDelegate.swift in Sources */ = {isa = PBXBuildFile; fileRef = EDAF409A2886F059003032BF /* AppDelegate.swift */; };
		EDAF409D2886F059003032BF /* SceneDelegate.swift in Sources */ = {isa = PBXBuildFile; fileRef = EDAF409C2886F059003032BF /* SceneDelegate.swift */; };
		EDAF409F2886F059003032BF /* ContactListViewController.swift in Sources */ = {isa = PBXBuildFile; fileRef = EDAF409E2886F059003032BF /* ContactListViewController.swift */; };
		EDAF40A22886F059003032BF /* Main.storyboard in Resources */ = {isa = PBXBuildFile; fileRef = EDAF40A02886F059003032BF /* Main.storyboard */; };
		EDAF40A42886F05B003032BF /* Assets.xcassets in Resources */ = {isa = PBXBuildFile; fileRef = EDAF40A32886F05B003032BF /* Assets.xcassets */; };
		EDAF40A72886F05B003032BF /* LaunchScreen.storyboard in Resources */ = {isa = PBXBuildFile; fileRef = EDAF40A52886F05B003032BF /* LaunchScreen.storyboard */; };
		EDAF40B328870AF3003032BF /* Contact.swift in Sources */ = {isa = PBXBuildFile; fileRef = EDAF40B228870AF3003032BF /* Contact.swift */; };
		EDAF40B828870C07003032BF /* DataStore.swift in Sources */ = {isa = PBXBuildFile; fileRef = EDAF40B728870C07003032BF /* DataStore.swift */; };
		EDAF40BB2888489D003032BF /* PersonDetailsViewController.swift in Sources */ = {isa = PBXBuildFile; fileRef = EDAF40BA2888489D003032BF /* PersonDetailsViewController.swift */; };
/* End PBXBuildFile section */

/* Begin PBXFileReference section */
		EDAF40972886F059003032BF /* ContactList.app */ = {isa = PBXFileReference; explicitFileType = wrapper.application; includeInIndex = 0; path = ContactList.app; sourceTree = BUILT_PRODUCTS_DIR; };
		EDAF409A2886F059003032BF /* AppDelegate.swift */ = {isa = PBXFileReference; lastKnownFileType = sourcecode.swift; path = AppDelegate.swift; sourceTree = "<group>"; };
		EDAF409C2886F059003032BF /* SceneDelegate.swift */ = {isa = PBXFileReference; lastKnownFileType = sourcecode.swift; path = SceneDelegate.swift; sourceTree = "<group>"; };
		EDAF409E2886F059003032BF /* ContactListViewController.swift */ = {isa = PBXFileReference; lastKnownFileType = sourcecode.swift; path = ContactListViewController.swift; sourceTree = "<group>"; };
		EDAF40A12886F059003032BF /* Base */ = {isa = PBXFileReference; lastKnownFileType = file.storyboard; name = Base; path = Base.lproj/Main.storyboard; sourceTree = "<group>"; };
		EDAF40A32886F05B003032BF /* Assets.xcassets */ = {isa = PBXFileReference; lastKnownFileType = folder.assetcatalog; path = Assets.xcassets; sourceTree = "<group>"; };
		EDAF40A62886F05B003032BF /* Base */ = {isa = PBXFileReference; lastKnownFileType = file.storyboard; name = Base; path = Base.lproj/LaunchScreen.storyboard; sourceTree = "<group>"; };
		EDAF40A82886F05B003032BF /* Info.plist */ = {isa = PBXFileReference; lastKnownFileType = text.plist.xml; path = Info.plist; sourceTree = "<group>"; };
		EDAF40B228870AF3003032BF /* Contact.swift */ = {isa = PBXFileReference; lastKnownFileType = sourcecode.swift; path = Contact.swift; sourceTree = "<group>"; };
		EDAF40B728870C07003032BF /* DataStore.swift */ = {isa = PBXFileReference; lastKnownFileType = sourcecode.swift; path = DataStore.swift; sourceTree = "<group>"; };
		EDAF40BA2888489D003032BF /* PersonDetailsViewController.swift */ = {isa = PBXFileReference; lastKnownFileType = sourcecode.swift; path = PersonDetailsViewController.swift; sourceTree = "<group>"; };
/* End PBXFileReference section */

/* Begin PBXFrameworksBuildPhase section */
		EDAF40942886F059003032BF /* Frameworks */ = {
			isa = PBXFrameworksBuildPhase;
			buildActionMask = 2147483647;
			files = (
			);
			runOnlyForDeploymentPostprocessing = 0;
		};
/* End PBXFrameworksBuildPhase section */

/* Begin PBXGroup section */
		EDAF408E2886F059003032BF = {
			isa = PBXGroup;
			children = (
				EDAF40992886F059003032BF /* ContactList */,
				EDAF40982886F059003032BF /* Products */,
			);
			sourceTree = "<group>";
		};
		EDAF40982886F059003032BF /* Products */ = {
			isa = PBXGroup;
			children = (
				EDAF40972886F059003032BF /* ContactList.app */,
			);
			name = Products;
			sourceTree = "<group>";
		};
		EDAF40992886F059003032BF /* ContactList */ = {
			isa = PBXGroup;
			children = (
				EDAF40AF28870AB1003032BF /* ViewControllers */,
				EDAF40B028870AC6003032BF /* Storyboards */,
				EDAF40B428870AF8003032BF /* Models */,
				EDAF40B128870AD1003032BF /* Resources */,
				EDAF40AE28870A8A003032BF /* App */,
				EDAF40B928870C19003032BF /* Services */,
			);
			path = ContactList;
			sourceTree = "<group>";
		};
		EDAF40AE28870A8A003032BF /* App */ = {
			isa = PBXGroup;
			children = (
				EDAF409A2886F059003032BF /* AppDelegate.swift */,
				EDAF409C2886F059003032BF /* SceneDelegate.swift */,
				EDAF40A82886F05B003032BF /* Info.plist */,
			);
			path = App;
			sourceTree = "<group>";
		};
		EDAF40AF28870AB1003032BF /* ViewControllers */ = {
			isa = PBXGroup;
			children = (
				EDAF409E2886F059003032BF /* ContactListViewController.swift */,
				EDAF40BA2888489D003032BF /* PersonDetailsViewController.swift */,
			);
			path = ViewControllers;
			sourceTree = "<group>";
		};
		EDAF40B028870AC6003032BF /* Storyboards */ = {
			isa = PBXGroup;
			children = (
				EDAF40A02886F059003032BF /* Main.storyboard */,
				EDAF40A52886F05B003032BF /* LaunchScreen.storyboard */,
			);
			path = Storyboards;
			sourceTree = "<group>";
		};
		EDAF40B128870AD1003032BF /* Resources */ = {
			isa = PBXGroup;
			children = (
				EDAF40A32886F05B003032BF /* Assets.xcassets */,
			);
			path = Resources;
			sourceTree = "<group>";
		};
		EDAF40B428870AF8003032BF /* Models */ = {
			isa = PBXGroup;
			children = (
				EDAF40B228870AF3003032BF /* Contact.swift */,
			);
			path = Models;
			sourceTree = "<group>";
		};
		EDAF40B928870C19003032BF /* Services */ = {
			isa = PBXGroup;
			children = (
				EDAF40B728870C07003032BF /* DataStore.swift */,
			);
			path = Services;
			sourceTree = "<group>";
		};
/* End PBXGroup section */

/* Begin PBXNativeTarget section */
		EDAF40962886F059003032BF /* ContactList */ = {
			isa = PBXNativeTarget;
			buildConfigurationList = EDAF40AB2886F05B003032BF /* Build configuration list for PBXNativeTarget "ContactList" */;
			buildPhases = (
				EDAF40932886F059003032BF /* Sources */,
				EDAF40942886F059003032BF /* Frameworks */,
				EDAF40952886F059003032BF /* Resources */,
			);
			buildRules = (
			);
			dependencies = (
			);
			name = ContactList;
			productName = ContactList;
			productReference = EDAF40972886F059003032BF /* ContactList.app */;
			productType = "com.apple.product-type.application";
		};
/* End PBXNativeTarget section */

/* Begin PBXProject section */
		EDAF408F2886F059003032BF /* Project object */ = {
			isa = PBXProject;
			attributes = {
				BuildIndependentTargetsInParallel = 1;
				LastSwiftUpdateCheck = 1340;
				LastUpgradeCheck = 1340;
				TargetAttributes = {
					EDAF40962886F059003032BF = {
						CreatedOnToolsVersion = 13.4.1;
					};
				};
			};
			buildConfigurationList = EDAF40922886F059003032BF /* Build configuration list for PBXProject "ContactList" */;
			compatibilityVersion = "Xcode 13.0";
			developmentRegion = en;
			hasScannedForEncodings = 0;
			knownRegions = (
				en,
				Base,
			);
			mainGroup = EDAF408E2886F059003032BF;
			productRefGroup = EDAF40982886F059003032BF /* Products */;
			projectDirPath = "";
			projectRoot = "";
			targets = (
				EDAF40962886F059003032BF /* ContactList */,
			);
		};
/* End PBXProject section */

/* Begin PBXResourcesBuildPhase section */
		EDAF40952886F059003032BF /* Resources */ = {
			isa = PBXResourcesBuildPhase;
			buildActionMask = 2147483647;
			files = (
				EDAF40A72886F05B003032BF /* LaunchScreen.storyboard in Resources */,
				EDAF40A42886F05B003032BF /* Assets.xcassets in Resources */,
				EDAF40A22886F059003032BF /* Main.storyboard in Resources */,
			);
			runOnlyForDeploymentPostprocessing = 0;
		};
/* End PBXResourcesBuildPhase section */

/* Begin PBXSourcesBuildPhase section */
		EDAF40932886F059003032BF /* Sources */ = {
			isa = PBXSourcesBuildPhase;
			buildActionMask = 2147483647;
			files = (
				EDAF40B328870AF3003032BF /* Contact.swift in Sources */,
				EDAF409F2886F059003032BF /* ContactListViewController.swift in Sources */,
				EDAF40BB2888489D003032BF /* PersonDetailsViewController.swift in Sources */,
				EDAF409B2886F059003032BF /* AppDelegate.swift in Sources */,
				EDAF40B828870C07003032BF /* DataStore.swift in Sources */,
				EDAF409D2886F059003032BF /* SceneDelegate.swift in Sources */,
			);
			runOnlyForDeploymentPostprocessing = 0;
		};
/* End PBXSourcesBuildPhase section */

/* Begin PBXVariantGroup section */
		EDAF40A02886F059003032BF /* Main.storyboard */ = {
			isa = PBXVariantGroup;
			children = (
				EDAF40A12886F059003032BF /* Base */,
			);
			name = Main.storyboard;
			sourceTree = "<group>";
		};
		EDAF40A52886F05B003032BF /* LaunchScreen.storyboard */ = {
			isa = PBXVariantGroup;
			children = (
				EDAF40A62886F05B003032BF /* Base */,
			);
			name = LaunchScreen.storyboard;
			sourceTree = "<group>";
		};
/* End PBXVariantGroup section */

/* Begin XCBuildConfiguration section */
		EDAF40A92886F05B003032BF /* Debug */ = {
			isa = XCBuildConfiguration;
			buildSettings = {
				ALWAYS_SEARCH_USER_PATHS = NO;
				CLANG_ANALYZER_NONNULL = YES;
				CLANG_ANALYZER_NUMBER_OBJECT_CONVERSION = YES_AGGRESSIVE;
				CLANG_CXX_LANGUAGE_STANDARD = "gnu++17";
				CLANG_ENABLE_MODULES = YES;
				CLANG_ENABLE_OBJC_ARC = YES;
				CLANG_ENABLE_OBJC_WEAK = YES;
				CLANG_WARN_BLOCK_CAPTURE_AUTORELEASING = YES;
				CLANG_WARN_BOOL_CONVERSION = YES;
				CLANG_WARN_COMMA = YES;
				CLANG_WARN_CONSTANT_CONVERSION = YES;
				CLANG_WARN_DEPRECATED_OBJC_IMPLEMENTATIONS = YES;
				CLANG_WARN_DIRECT_OBJC_ISA_USAGE = YES_ERROR;
				CLANG_WARN_DOCUMENTATION_COMMENTS = YES;
				CLANG_WARN_EMPTY_BODY = YES;
				CLANG_WARN_ENUM_CONVERSION = YES;
				CLANG_WARN_INFINITE_RECURSION = YES;
				CLANG_WARN_INT_CONVERSION = YES;
				CLANG_WARN_NON_LITERAL_NULL_CONVERSION = YES;
				CLANG_WARN_OBJC_IMPLICIT_RETAIN_SELF = YES;
				CLANG_WARN_OBJC_LITERAL_CONVERSION = YES;
				CLANG_WARN_OBJC_ROOT_CLASS = YES_ERROR;
				CLANG_WARN_QUOTED_INCLUDE_IN_FRAMEWORK_HEADER = YES;
				CLANG_WARN_RANGE_LOOP_ANALYSIS = YES;
				CLANG_WARN_STRICT_PROTOTYPES = YES;
				CLANG_WARN_SUSPICIOUS_MOVE = YES;
				CLANG_WARN_UNGUARDED_AVAILABILITY = YES_AGGRESSIVE;
				CLANG_WARN_UNREACHABLE_CODE = YES;
				CLANG_WARN__DUPLICATE_METHOD_MATCH = YES;
				COPY_PHASE_STRIP = NO;
				DEBUG_INFORMATION_FORMAT = dwarf;
				ENABLE_STRICT_OBJC_MSGSEND = YES;
				ENABLE_TESTABILITY = YES;
				GCC_C_LANGUAGE_STANDARD = gnu11;
				GCC_DYNAMIC_NO_PIC = NO;
				GCC_NO_COMMON_BLOCKS = YES;
				GCC_OPTIMIZATION_LEVEL = 0;
				GCC_PREPROCESSOR_DEFINITIONS = (
					"DEBUG=1",
					"$(inherited)",
				);
				GCC_WARN_64_TO_32_BIT_CONVERSION = YES;
				GCC_WARN_ABOUT_RETURN_TYPE = YES_ERROR;
				GCC_WARN_UNDECLARED_SELECTOR = YES;
				GCC_WARN_UNINITIALIZED_AUTOS = YES_AGGRESSIVE;
				GCC_WARN_UNUSED_FUNCTION = YES;
				GCC_WARN_UNUSED_VARIABLE = YES;
				IPHONEOS_DEPLOYMENT_TARGET = 15.5;
				MTL_ENABLE_DEBUG_INFO = INCLUDE_SOURCE;
				MTL_FAST_MATH = YES;
				ONLY_ACTIVE_ARCH = YES;
				SDKROOT = iphoneos;
				SWIFT_ACTIVE_COMPILATION_CONDITIONS = DEBUG;
				SWIFT_OPTIMIZATION_LEVEL = "-Onone";
			};
			name = Debug;
		};
		EDAF40AA2886F05B003032BF /* Release */ = {
			isa = XCBuildConfiguration;
			buildSettings = {
				ALWAYS_SEARCH_USER_PATHS = NO;
				CLANG_ANALYZER_NONNULL = YES;
				CLANG_ANALYZER_NUMBER_OBJECT_CONVERSION = YES_AGGRESSIVE;
				CLANG_CXX_LANGUAGE_STANDARD = "gnu++17";
				CLANG_ENABLE_MODULES = YES;
				CLANG_ENABLE_OBJC_ARC = YES;
				CLANG_ENABLE_OBJC_WEAK = YES;
				CLANG_WARN_BLOCK_CAPTURE_AUTORELEASING = YES;
				CLANG_WARN_BOOL_CONVERSION = YES;
				CLANG_WARN_COMMA = YES;
				CLANG_WARN_CONSTANT_CONVERSION = YES;
				CLANG_WARN_DEPRECATED_OBJC_IMPLEMENTATIONS = YES;
				CLANG_WARN_DIRECT_OBJC_ISA_USAGE = YES_ERROR;
				CLANG_WARN_DOCUMENTATION_COMMENTS = YES;
				CLANG_WARN_EMPTY_BODY = YES;
				CLANG_WARN_ENUM_CONVERSION = YES;
				CLANG_WARN_INFINITE_RECURSION = YES;
				CLANG_WARN_INT_CONVERSION = YES;
				CLANG_WARN_NON_LITERAL_NULL_CONVERSION = YES;
				CLANG_WARN_OBJC_IMPLICIT_RETAIN_SELF = YES;
				CLANG_WARN_OBJC_LITERAL_CONVERSION = YES;
				CLANG_WARN_OBJC_ROOT_CLASS = YES_ERROR;
				CLANG_WARN_QUOTED_INCLUDE_IN_FRAMEWORK_HEADER = YES;
				CLANG_WARN_RANGE_LOOP_ANALYSIS = YES;
				CLANG_WARN_STRICT_PROTOTYPES = YES;
				CLANG_WARN_SUSPICIOUS_MOVE = YES;
				CLANG_WARN_UNGUARDED_AVAILABILITY = YES_AGGRESSIVE;
				CLANG_WARN_UNREACHABLE_CODE = YES;
				CLANG_WARN__DUPLICATE_METHOD_MATCH = YES;
				COPY_PHASE_STRIP = NO;
				DEBUG_INFORMATION_FORMAT = "dwarf-with-dsym";
				ENABLE_NS_ASSERTIONS = NO;
				ENABLE_STRICT_OBJC_MSGSEND = YES;
				GCC_C_LANGUAGE_STANDARD = gnu11;
				GCC_NO_COMMON_BLOCKS = YES;
				GCC_WARN_64_TO_32_BIT_CONVERSION = YES;
				GCC_WARN_ABOUT_RETURN_TYPE = YES_ERROR;
				GCC_WARN_UNDECLARED_SELECTOR = YES;
				GCC_WARN_UNINITIALIZED_AUTOS = YES_AGGRESSIVE;
				GCC_WARN_UNUSED_FUNCTION = YES;
				GCC_WARN_UNUSED_VARIABLE = YES;
				IPHONEOS_DEPLOYMENT_TARGET = 15.5;
				MTL_ENABLE_DEBUG_INFO = NO;
				MTL_FAST_MATH = YES;
				SDKROOT = iphoneos;
				SWIFT_COMPILATION_MODE = wholemodule;
				SWIFT_OPTIMIZATION_LEVEL = "-O";
				VALIDATE_PRODUCT = YES;
			};
			name = Release;
		};
		EDAF40AC2886F05B003032BF /* Debug */ = {
			isa = XCBuildConfiguration;
			buildSettings = {
				ASSETCATALOG_COMPILER_APPICON_NAME = AppIcon;
				ASSETCATALOG_COMPILER_GLOBAL_ACCENT_COLOR_NAME = AccentColor;
				CODE_SIGN_STYLE = Automatic;
				CURRENT_PROJECT_VERSION = 1;
				DEVELOPMENT_TEAM = N3Y2L7NT9R;
				GENERATE_INFOPLIST_FILE = YES;
				INFOPLIST_FILE = ContactList/App/Info.plist;
				INFOPLIST_KEY_UIApplicationSupportsIndirectInputEvents = YES;
				INFOPLIST_KEY_UILaunchStoryboardName = LaunchScreen;
				INFOPLIST_KEY_UIMainStoryboardFile = Main;
				INFOPLIST_KEY_UISupportedInterfaceOrientations_iPad = "UIInterfaceOrientationPortrait UIInterfaceOrientationPortraitUpsideDown UIInterfaceOrientationLandscapeLeft UIInterfaceOrientationLandscapeRight";
				INFOPLIST_KEY_UISupportedInterfaceOrientations_iPhone = "UIInterfaceOrientationPortrait UIInterfaceOrientationLandscapeLeft UIInterfaceOrientationLandscapeRight";
				LD_RUNPATH_SEARCH_PATHS = (
					"$(inherited)",
					"@executable_path/Frameworks",
				);
				MARKETING_VERSION = 1.0;
				PRODUCT_BUNDLE_IDENTIFIER = "Lera-Savchenko.ContactList";
				PRODUCT_NAME = "$(TARGET_NAME)";
				SWIFT_EMIT_LOC_STRINGS = YES;
				SWIFT_VERSION = 5.0;
				TARGETED_DEVICE_FAMILY = 1;
			};
			name = Debug;
		};
		EDAF40AD2886F05B003032BF /* Release */ = {
			isa = XCBuildConfiguration;
			buildSettings = {
				ASSETCATALOG_COMPILER_APPICON_NAME = AppIcon;
				ASSETCATALOG_COMPILER_GLOBAL_ACCENT_COLOR_NAME = AccentColor;
				CODE_SIGN_STYLE = Automatic;
				CURRENT_PROJECT_VERSION = 1;
				DEVELOPMENT_TEAM = N3Y2L7NT9R;
				GENERATE_INFOPLIST_FILE = YES;
				INFOPLIST_FILE = ContactList/App/Info.plist;
				INFOPLIST_KEY_UIApplicationSupportsIndirectInputEvents = YES;
				INFOPLIST_KEY_UILaunchStoryboardName = LaunchScreen;
				INFOPLIST_KEY_UIMainStoryboardFile = Main;
				INFOPLIST_KEY_UISupportedInterfaceOrientations_iPad = "UIInterfaceOrientationPortrait UIInterfaceOrientationPortraitUpsideDown UIInterfaceOrientationLandscapeLeft UIInterfaceOrientationLandscapeRight";
				INFOPLIST_KEY_UISupportedInterfaceOrientations_iPhone = "UIInterfaceOrientationPortrait UIInterfaceOrientationLandscapeLeft UIInterfaceOrientationLandscapeRight";
				LD_RUNPATH_SEARCH_PATHS = (
					"$(inherited)",
					"@executable_path/Frameworks",
				);
				MARKETING_VERSION = 1.0;
				PRODUCT_BUNDLE_IDENTIFIER = "Lera-Savchenko.ContactList";
				PRODUCT_NAME = "$(TARGET_NAME)";
				SWIFT_EMIT_LOC_STRINGS = YES;
				SWIFT_VERSION = 5.0;
				TARGETED_DEVICE_FAMILY = 1;
			};
			name = Release;
		};
/* End XCBuildConfiguration section */

/* Begin XCConfigurationList section */
		EDAF40922886F059003032BF /* Build configuration list for PBXProject "ContactList" */ = {
			isa = XCConfigurationList;
			buildConfigurations = (
				EDAF40A92886F05B003032BF /* Debug */,
				EDAF40AA2886F05B003032BF /* Release */,
			);
			defaultConfigurationIsVisible = 0;
			defaultConfigurationName = Release;
		};
		EDAF40AB2886F05B003032BF /* Build configuration list for PBXNativeTarget "ContactList" */ = {
			isa = XCConfigurationList;
			buildConfigurations = (
				EDAF40AC2886F05B003032BF /* Debug */,
				EDAF40AD2886F05B003032BF /* Release */,
			);
			defaultConfigurationIsVisible = 0;
			defaultConfigurationName = Release;
		};
/* End XCConfigurationList section */
	};
	rootObject = EDAF408F2886F059003032BF /* Project object */;
}
