// !$*UTF8*$!
{
	archiveVersion = 1;
	classes = {
	};
	objectVersion = 56;
	objects = {

/* Begin PBXBuildFile section */
		ED2ED4CD2A1CF6940074F3EB /* AppDelegate.swift in Sources */ = {isa = PBXBuildFile; fileRef = ED2ED4CC2A1CF6940074F3EB /* AppDelegate.swift */; };
		ED2ED4CF2A1CF6940074F3EB /* SceneDelegate.swift in Sources */ = {isa = PBXBuildFile; fileRef = ED2ED4CE2A1CF6940074F3EB /* SceneDelegate.swift */; };
		ED2ED4D12A1CF6940074F3EB /* ViewController.swift in Sources */ = {isa = PBXBuildFile; fileRef = ED2ED4D02A1CF6940074F3EB /* ViewController.swift */; };
		ED2ED4D42A1CF6940074F3EB /* Main.storyboard in Resources */ = {isa = PBXBuildFile; fileRef = ED2ED4D22A1CF6940074F3EB /* Main.storyboard */; };
		ED2ED4D62A1CF6950074F3EB /* Assets.xcassets in Resources */ = {isa = PBXBuildFile; fileRef = ED2ED4D52A1CF6950074F3EB /* Assets.xcassets */; };
		ED2ED4D92A1CF6950074F3EB /* LaunchScreen.storyboard in Resources */ = {isa = PBXBuildFile; fileRef = ED2ED4D72A1CF6950074F3EB /* LaunchScreen.storyboard */; };
		ED2ED4E62A1CF8BD0074F3EB /* DataStore.swift in Sources */ = {isa = PBXBuildFile; fileRef = ED2ED4E52A1CF8BD0074F3EB /* DataStore.swift */; };
		ED2ED4E92A1CF8D50074F3EB /* Person.swift in Sources */ = {isa = PBXBuildFile; fileRef = ED2ED4E82A1CF8D50074F3EB /* Person.swift */; };
/* End PBXBuildFile section */

/* Begin PBXFileReference section */
		ED2ED4C92A1CF6930074F3EB /* ContactList.app */ = {isa = PBXFileReference; explicitFileType = wrapper.application; includeInIndex = 0; path = ContactList.app; sourceTree = BUILT_PRODUCTS_DIR; };
		ED2ED4CC2A1CF6940074F3EB /* AppDelegate.swift */ = {isa = PBXFileReference; lastKnownFileType = sourcecode.swift; path = AppDelegate.swift; sourceTree = "<group>"; };
		ED2ED4CE2A1CF6940074F3EB /* SceneDelegate.swift */ = {isa = PBXFileReference; lastKnownFileType = sourcecode.swift; path = SceneDelegate.swift; sourceTree = "<group>"; };
		ED2ED4D02A1CF6940074F3EB /* ViewController.swift */ = {isa = PBXFileReference; lastKnownFileType = sourcecode.swift; path = ViewController.swift; sourceTree = "<group>"; };
		ED2ED4D32A1CF6940074F3EB /* Base */ = {isa = PBXFileReference; lastKnownFileType = file.storyboard; name = Base; path = Base.lproj/Main.storyboard; sourceTree = "<group>"; };
		ED2ED4D52A1CF6950074F3EB /* Assets.xcassets */ = {isa = PBXFileReference; lastKnownFileType = folder.assetcatalog; path = Assets.xcassets; sourceTree = "<group>"; };
		ED2ED4D82A1CF6950074F3EB /* Base */ = {isa = PBXFileReference; lastKnownFileType = file.storyboard; name = Base; path = Base.lproj/LaunchScreen.storyboard; sourceTree = "<group>"; };
		ED2ED4DA2A1CF6950074F3EB /* Info.plist */ = {isa = PBXFileReference; lastKnownFileType = text.plist.xml; path = Info.plist; sourceTree = "<group>"; };
		ED2ED4E52A1CF8BD0074F3EB /* DataStore.swift */ = {isa = PBXFileReference; lastKnownFileType = sourcecode.swift; path = DataStore.swift; sourceTree = "<group>"; };
		ED2ED4E82A1CF8D50074F3EB /* Person.swift */ = {isa = PBXFileReference; lastKnownFileType = sourcecode.swift; path = Person.swift; sourceTree = "<group>"; };
/* End PBXFileReference section */

/* Begin PBXFrameworksBuildPhase section */
		ED2ED4C62A1CF6930074F3EB /* Frameworks */ = {
			isa = PBXFrameworksBuildPhase;
			buildActionMask = 2147483647;
			files = (
			);
			runOnlyForDeploymentPostprocessing = 0;
		};
/* End PBXFrameworksBuildPhase section */

/* Begin PBXGroup section */
		ED2ED4C02A1CF6930074F3EB = {
			isa = PBXGroup;
			children = (
				ED2ED4CB2A1CF6930074F3EB /* ContactList */,
				ED2ED4CA2A1CF6930074F3EB /* Products */,
			);
			sourceTree = "<group>";
		};
		ED2ED4CA2A1CF6930074F3EB /* Products */ = {
			isa = PBXGroup;
			children = (
				ED2ED4C92A1CF6930074F3EB /* ContactList.app */,
			);
			name = Products;
			sourceTree = "<group>";
		};
		ED2ED4CB2A1CF6930074F3EB /* ContactList */ = {
			isa = PBXGroup;
			children = (
				ED2ED4E72A1CF8C40074F3EB /* Models */,
				ED2ED4E42A1CF89A0074F3EB /* Services */,
				ED2ED4E12A1CF8740074F3EB /* ViewControllers */,
				ED2ED4E22A1CF8830074F3EB /* Storyboards */,
				ED2ED4E02A1CF86B0074F3EB /* App */,
				ED2ED4E32A1CF88D0074F3EB /* Resources */,
			);
			path = ContactList;
			sourceTree = "<group>";
		};
		ED2ED4E02A1CF86B0074F3EB /* App */ = {
			isa = PBXGroup;
			children = (
				ED2ED4CC2A1CF6940074F3EB /* AppDelegate.swift */,
				ED2ED4CE2A1CF6940074F3EB /* SceneDelegate.swift */,
				ED2ED4DA2A1CF6950074F3EB /* Info.plist */,
			);
			path = App;
			sourceTree = "<group>";
		};
		ED2ED4E12A1CF8740074F3EB /* ViewControllers */ = {
			isa = PBXGroup;
			children = (
				ED2ED4D02A1CF6940074F3EB /* ViewController.swift */,
			);
			path = ViewControllers;
			sourceTree = "<group>";
		};
		ED2ED4E22A1CF8830074F3EB /* Storyboards */ = {
			isa = PBXGroup;
			children = (
				ED2ED4D22A1CF6940074F3EB /* Main.storyboard */,
				ED2ED4D72A1CF6950074F3EB /* LaunchScreen.storyboard */,
			);
			path = Storyboards;
			sourceTree = "<group>";
		};
		ED2ED4E32A1CF88D0074F3EB /* Resources */ = {
			isa = PBXGroup;
			children = (
				ED2ED4D52A1CF6950074F3EB /* Assets.xcassets */,
			);
			path = Resources;
			sourceTree = "<group>";
		};
		ED2ED4E42A1CF89A0074F3EB /* Services */ = {
			isa = PBXGroup;
			children = (
				ED2ED4E52A1CF8BD0074F3EB /* DataStore.swift */,
			);
			path = Services;
			sourceTree = "<group>";
		};
		ED2ED4E72A1CF8C40074F3EB /* Models */ = {
			isa = PBXGroup;
			children = (
				ED2ED4E82A1CF8D50074F3EB /* Person.swift */,
			);
			path = Models;
			sourceTree = "<group>";
		};
/* End PBXGroup section */

/* Begin PBXNativeTarget section */
		ED2ED4C82A1CF6930074F3EB /* ContactList */ = {
			isa = PBXNativeTarget;
			buildConfigurationList = ED2ED4DD2A1CF6950074F3EB /* Build configuration list for PBXNativeTarget "ContactList" */;
			buildPhases = (
				ED2ED4C52A1CF6930074F3EB /* Sources */,
				ED2ED4C62A1CF6930074F3EB /* Frameworks */,
				ED2ED4C72A1CF6930074F3EB /* Resources */,
			);
			buildRules = (
			);
			dependencies = (
			);
			name = ContactList;
			productName = ContactList;
			productReference = ED2ED4C92A1CF6930074F3EB /* ContactList.app */;
			productType = "com.apple.product-type.application";
		};
/* End PBXNativeTarget section */

/* Begin PBXProject section */
		ED2ED4C12A1CF6930074F3EB /* Project object */ = {
			isa = PBXProject;
			attributes = {
				BuildIndependentTargetsInParallel = 1;
				LastSwiftUpdateCheck = 1410;
				LastUpgradeCheck = 1410;
				TargetAttributes = {
					ED2ED4C82A1CF6930074F3EB = {
						CreatedOnToolsVersion = 14.1;
					};
				};
			};
			buildConfigurationList = ED2ED4C42A1CF6930074F3EB /* Build configuration list for PBXProject "ContactList" */;
			compatibilityVersion = "Xcode 14.0";
			developmentRegion = en;
			hasScannedForEncodings = 0;
			knownRegions = (
				en,
				Base,
			);
			mainGroup = ED2ED4C02A1CF6930074F3EB;
			productRefGroup = ED2ED4CA2A1CF6930074F3EB /* Products */;
			projectDirPath = "";
			projectRoot = "";
			targets = (
				ED2ED4C82A1CF6930074F3EB /* ContactList */,
			);
		};
/* End PBXProject section */

/* Begin PBXResourcesBuildPhase section */
		ED2ED4C72A1CF6930074F3EB /* Resources */ = {
			isa = PBXResourcesBuildPhase;
			buildActionMask = 2147483647;
			files = (
				ED2ED4D92A1CF6950074F3EB /* LaunchScreen.storyboard in Resources */,
				ED2ED4D62A1CF6950074F3EB /* Assets.xcassets in Resources */,
				ED2ED4D42A1CF6940074F3EB /* Main.storyboard in Resources */,
			);
			runOnlyForDeploymentPostprocessing = 0;
		};
/* End PBXResourcesBuildPhase section */

/* Begin PBXSourcesBuildPhase section */
		ED2ED4C52A1CF6930074F3EB /* Sources */ = {
			isa = PBXSourcesBuildPhase;
			buildActionMask = 2147483647;
			files = (
				ED2ED4D12A1CF6940074F3EB /* ViewController.swift in Sources */,
				ED2ED4E62A1CF8BD0074F3EB /* DataStore.swift in Sources */,
				ED2ED4E92A1CF8D50074F3EB /* Person.swift in Sources */,
				ED2ED4CD2A1CF6940074F3EB /* AppDelegate.swift in Sources */,
				ED2ED4CF2A1CF6940074F3EB /* SceneDelegate.swift in Sources */,
			);
			runOnlyForDeploymentPostprocessing = 0;
		};
/* End PBXSourcesBuildPhase section */

/* Begin PBXVariantGroup section */
		ED2ED4D22A1CF6940074F3EB /* Main.storyboard */ = {
			isa = PBXVariantGroup;
			children = (
				ED2ED4D32A1CF6940074F3EB /* Base */,
			);
			name = Main.storyboard;
			sourceTree = "<group>";
		};
		ED2ED4D72A1CF6950074F3EB /* LaunchScreen.storyboard */ = {
			isa = PBXVariantGroup;
			children = (
				ED2ED4D82A1CF6950074F3EB /* Base */,
			);
			name = LaunchScreen.storyboard;
			sourceTree = "<group>";
		};
/* End PBXVariantGroup section */

/* Begin XCBuildConfiguration section */
		ED2ED4DB2A1CF6950074F3EB /* Debug */ = {
			isa = XCBuildConfiguration;
			buildSettings = {
				ALWAYS_SEARCH_USER_PATHS = NO;
				CLANG_ANALYZER_NONNULL = YES;
				CLANG_ANALYZER_NUMBER_OBJECT_CONVERSION = YES_AGGRESSIVE;
				CLANG_CXX_LANGUAGE_STANDARD = "gnu++20";
				CLANG_ENABLE_MODULES = YES;
				CLANG_ENABLE_OBJC_ARC = YES;
				CLANG_ENABLE_OBJC_WEAK = YES;
				CLANG_WARN_BLOCK_CAPTURE_AUTORELEASING = YES;
				CLANG_WARN_BOOL_CONVERSION = YES;
				CLANG_WARN_COMMA = YES;
				CLANG_WARN_CONSTANT_CONVERSION = YES;
				CLANG_WARN_DEPRECATED_OBJC_IMPLEMENTATIONS = YES;
				CLANG_WARN_DIRECT_OBJC_ISA_USAGE = YES_ERROR;
				CLANG_WARN_DOCUMENTATION_COMMENTS = YES;
				CLANG_WARN_EMPTY_BODY = YES;
				CLANG_WARN_ENUM_CONVERSION = YES;
				CLANG_WARN_INFINITE_RECURSION = YES;
				CLANG_WARN_INT_CONVERSION = YES;
				CLANG_WARN_NON_LITERAL_NULL_CONVERSION = YES;
				CLANG_WARN_OBJC_IMPLICIT_RETAIN_SELF = YES;
				CLANG_WARN_OBJC_LITERAL_CONVERSION = YES;
				CLANG_WARN_OBJC_ROOT_CLASS = YES_ERROR;
				CLANG_WARN_QUOTED_INCLUDE_IN_FRAMEWORK_HEADER = YES;
				CLANG_WARN_RANGE_LOOP_ANALYSIS = YES;
				CLANG_WARN_STRICT_PROTOTYPES = YES;
				CLANG_WARN_SUSPICIOUS_MOVE = YES;
				CLANG_WARN_UNGUARDED_AVAILABILITY = YES_AGGRESSIVE;
				CLANG_WARN_UNREACHABLE_CODE = YES;
				CLANG_WARN__DUPLICATE_METHOD_MATCH = YES;
				COPY_PHASE_STRIP = NO;
				DEBUG_INFORMATION_FORMAT = dwarf;
				ENABLE_STRICT_OBJC_MSGSEND = YES;
				ENABLE_TESTABILITY = YES;
				GCC_C_LANGUAGE_STANDARD = gnu11;
				GCC_DYNAMIC_NO_PIC = NO;
				GCC_NO_COMMON_BLOCKS = YES;
				GCC_OPTIMIZATION_LEVEL = 0;
				GCC_PREPROCESSOR_DEFINITIONS = (
					"DEBUG=1",
					"$(inherited)",
				);
				GCC_WARN_64_TO_32_BIT_CONVERSION = YES;
				GCC_WARN_ABOUT_RETURN_TYPE = YES_ERROR;
				GCC_WARN_UNDECLARED_SELECTOR = YES;
				GCC_WARN_UNINITIALIZED_AUTOS = YES_AGGRESSIVE;
				GCC_WARN_UNUSED_FUNCTION = YES;
				GCC_WARN_UNUSED_VARIABLE = YES;
				IPHONEOS_DEPLOYMENT_TARGET = 16.1;
				MTL_ENABLE_DEBUG_INFO = INCLUDE_SOURCE;
				MTL_FAST_MATH = YES;
				ONLY_ACTIVE_ARCH = YES;
				SDKROOT = iphoneos;
				SWIFT_ACTIVE_COMPILATION_CONDITIONS = DEBUG;
				SWIFT_OPTIMIZATION_LEVEL = "-Onone";
			};
			name = Debug;
		};
		ED2ED4DC2A1CF6950074F3EB /* Release */ = {
			isa = XCBuildConfiguration;
			buildSettings = {
				ALWAYS_SEARCH_USER_PATHS = NO;
				CLANG_ANALYZER_NONNULL = YES;
				CLANG_ANALYZER_NUMBER_OBJECT_CONVERSION = YES_AGGRESSIVE;
				CLANG_CXX_LANGUAGE_STANDARD = "gnu++20";
				CLANG_ENABLE_MODULES = YES;
				CLANG_ENABLE_OBJC_ARC = YES;
				CLANG_ENABLE_OBJC_WEAK = YES;
				CLANG_WARN_BLOCK_CAPTURE_AUTORELEASING = YES;
				CLANG_WARN_BOOL_CONVERSION = YES;
				CLANG_WARN_COMMA = YES;
				CLANG_WARN_CONSTANT_CONVERSION = YES;
				CLANG_WARN_DEPRECATED_OBJC_IMPLEMENTATIONS = YES;
				CLANG_WARN_DIRECT_OBJC_ISA_USAGE = YES_ERROR;
				CLANG_WARN_DOCUMENTATION_COMMENTS = YES;
				CLANG_WARN_EMPTY_BODY = YES;
				CLANG_WARN_ENUM_CONVERSION = YES;
				CLANG_WARN_INFINITE_RECURSION = YES;
				CLANG_WARN_INT_CONVERSION = YES;
				CLANG_WARN_NON_LITERAL_NULL_CONVERSION = YES;
				CLANG_WARN_OBJC_IMPLICIT_RETAIN_SELF = YES;
				CLANG_WARN_OBJC_LITERAL_CONVERSION = YES;
				CLANG_WARN_OBJC_ROOT_CLASS = YES_ERROR;
				CLANG_WARN_QUOTED_INCLUDE_IN_FRAMEWORK_HEADER = YES;
				CLANG_WARN_RANGE_LOOP_ANALYSIS = YES;
				CLANG_WARN_STRICT_PROTOTYPES = YES;
				CLANG_WARN_SUSPICIOUS_MOVE = YES;
				CLANG_WARN_UNGUARDED_AVAILABILITY = YES_AGGRESSIVE;
				CLANG_WARN_UNREACHABLE_CODE = YES;
				CLANG_WARN__DUPLICATE_METHOD_MATCH = YES;
				COPY_PHASE_STRIP = NO;
				DEBUG_INFORMATION_FORMAT = "dwarf-with-dsym";
				ENABLE_NS_ASSERTIONS = NO;
				ENABLE_STRICT_OBJC_MSGSEND = YES;
				GCC_C_LANGUAGE_STANDARD = gnu11;
				GCC_NO_COMMON_BLOCKS = YES;
				GCC_WARN_64_TO_32_BIT_CONVERSION = YES;
				GCC_WARN_ABOUT_RETURN_TYPE = YES_ERROR;
				GCC_WARN_UNDECLARED_SELECTOR = YES;
				GCC_WARN_UNINITIALIZED_AUTOS = YES_AGGRESSIVE;
				GCC_WARN_UNUSED_FUNCTION = YES;
				GCC_WARN_UNUSED_VARIABLE = YES;
				IPHONEOS_DEPLOYMENT_TARGET = 16.1;
				MTL_ENABLE_DEBUG_INFO = NO;
				MTL_FAST_MATH = YES;
				SDKROOT = iphoneos;
				SWIFT_COMPILATION_MODE = wholemodule;
				SWIFT_OPTIMIZATION_LEVEL = "-O";
				VALIDATE_PRODUCT = YES;
			};
			name = Release;
		};
		ED2ED4DE2A1CF6950074F3EB /* Debug */ = {
			isa = XCBuildConfiguration;
			buildSettings = {
				ASSETCATALOG_COMPILER_APPICON_NAME = AppIcon;
				ASSETCATALOG_COMPILER_GLOBAL_ACCENT_COLOR_NAME = AccentColor;
				CODE_SIGN_STYLE = Automatic;
				CURRENT_PROJECT_VERSION = 1;
				DEVELOPMENT_TEAM = N3Y2L7NT9R;
				GENERATE_INFOPLIST_FILE = YES;
				INFOPLIST_FILE = ContactList/Info.plist;
				INFOPLIST_KEY_UIApplicationSupportsIndirectInputEvents = YES;
				INFOPLIST_KEY_UILaunchStoryboardName = LaunchScreen;
				INFOPLIST_KEY_UIMainStoryboardFile = Main;
				INFOPLIST_KEY_UISupportedInterfaceOrientations_iPad = "UIInterfaceOrientationPortrait UIInterfaceOrientationPortraitUpsideDown UIInterfaceOrientationLandscapeLeft UIInterfaceOrientationLandscapeRight";
				INFOPLIST_KEY_UISupportedInterfaceOrientations_iPhone = "UIInterfaceOrientationPortrait UIInterfaceOrientationLandscapeLeft UIInterfaceOrientationLandscapeRight";
				LD_RUNPATH_SEARCH_PATHS = (
					"$(inherited)",
					"@executable_path/Frameworks",
				);
				MARKETING_VERSION = 1.0;
				PRODUCT_BUNDLE_IDENTIFIER = "Lera-Savchenko.ContactList";
				PRODUCT_NAME = "$(TARGET_NAME)";
				SWIFT_EMIT_LOC_STRINGS = YES;
				SWIFT_VERSION = 5.0;
				TARGETED_DEVICE_FAMILY = "1,2";
			};
			name = Debug;
		};
		ED2ED4DF2A1CF6950074F3EB /* Release */ = {
			isa = XCBuildConfiguration;
			buildSettings = {
				ASSETCATALOG_COMPILER_APPICON_NAME = AppIcon;
				ASSETCATALOG_COMPILER_GLOBAL_ACCENT_COLOR_NAME = AccentColor;
				CODE_SIGN_STYLE = Automatic;
				CURRENT_PROJECT_VERSION = 1;
				DEVELOPMENT_TEAM = N3Y2L7NT9R;
				GENERATE_INFOPLIST_FILE = YES;
				INFOPLIST_FILE = ContactList/Info.plist;
				INFOPLIST_KEY_UIApplicationSupportsIndirectInputEvents = YES;
				INFOPLIST_KEY_UILaunchStoryboardName = LaunchScreen;
				INFOPLIST_KEY_UIMainStoryboardFile = Main;
				INFOPLIST_KEY_UISupportedInterfaceOrientations_iPad = "UIInterfaceOrientationPortrait UIInterfaceOrientationPortraitUpsideDown UIInterfaceOrientationLandscapeLeft UIInterfaceOrientationLandscapeRight";
				INFOPLIST_KEY_UISupportedInterfaceOrientations_iPhone = "UIInterfaceOrientationPortrait UIInterfaceOrientationLandscapeLeft UIInterfaceOrientationLandscapeRight";
				LD_RUNPATH_SEARCH_PATHS = (
					"$(inherited)",
					"@executable_path/Frameworks",
				);
				MARKETING_VERSION = 1.0;
				PRODUCT_BUNDLE_IDENTIFIER = "Lera-Savchenko.ContactList";
				PRODUCT_NAME = "$(TARGET_NAME)";
				SWIFT_EMIT_LOC_STRINGS = YES;
				SWIFT_VERSION = 5.0;
				TARGETED_DEVICE_FAMILY = "1,2";
			};
			name = Release;
		};
/* End XCBuildConfiguration section */

/* Begin XCConfigurationList section */
		ED2ED4C42A1CF6930074F3EB /* Build configuration list for PBXProject "ContactList" */ = {
			isa = XCConfigurationList;
			buildConfigurations = (
				ED2ED4DB2A1CF6950074F3EB /* Debug */,
				ED2ED4DC2A1CF6950074F3EB /* Release */,
			);
			defaultConfigurationIsVisible = 0;
			defaultConfigurationName = Release;
		};
		ED2ED4DD2A1CF6950074F3EB /* Build configuration list for PBXNativeTarget "ContactList" */ = {
			isa = XCConfigurationList;
			buildConfigurations = (
				ED2ED4DE2A1CF6950074F3EB /* Debug */,
				ED2ED4DF2A1CF6950074F3EB /* Release */,
			);
			defaultConfigurationIsVisible = 0;
			defaultConfigurationName = Release;
		};
/* End XCConfigurationList section */
	};
	rootObject = ED2ED4C12A1CF6930074F3EB /* Project object */;
}
